
Microsoft Visual Studio Solution File, Format Version 12.00
# Visual Studio 15
VisualStudioVersion = 15.0.28307.852
MinimumVisualStudioVersion = 10.0.40219.1
Project("{FAE04EC0-301F-11D3-BF4B-00C04F79EFBC}") = "FormulaDocs", "FormulaDocs\FormulaDocs.csproj", "{9F947CDA-7D3A-4AC1-84AA-83E82F0045D6}"
EndProject
Global
	GlobalSection(SolutionConfigurationPlatforms) = preSolution
		Debug|Any CPU = Debug|Any CPU
		Release|Any CPU = Release|Any CPU
	EndGlobalSection
	GlobalSection(ProjectConfigurationPlatforms) = postSolution
		{9F947CDA-7D3A-4AC1-84AA-83E82F0045D6}.Debug|Any CPU.ActiveCfg = Debug|Any CPU
		{9F947CDA-7D3A-4AC1-84AA-83E82F0045D6}.Debug|Any CPU.Build.0 = Debug|Any CPU
		{9F947CDA-7D3A-4AC1-84AA-83E82F0045D6}.Release|Any CPU.ActiveCfg = Release|Any CPU
		{9F947CDA-7D3A-4AC1-84AA-83E82F0045D6}.Release|Any CPU.Build.0 = Release|Any CPU
	EndGlobalSection
	GlobalSection(SolutionProperties) = preSolution
		HideSolutionNode = FALSE
	EndGlobalSection
	GlobalSection(ExtensibilityGlobals) = postSolution
		SolutionGuid = {3D94B5AB-99D2-40C8-BE4B-FD690CE70F99}
	EndGlobalSection
EndGlobal
